// !$*UTF8*$!
{
	archiveVersion = 1;
	classes = {
	};
	objectVersion = 56;
	objects = {

/* Begin PBXBuildFile section */
		741D361C2BECDDFE0088B42E /* AppDelegate.swift in Sources */ = {isa = PBXBuildFile; fileRef = 741D361B2BECDDFE0088B42E /* AppDelegate.swift */; };
		741D361E2BECDDFE0088B42E /* SceneDelegate.swift in Sources */ = {isa = PBXBuildFile; fileRef = 741D361D2BECDDFE0088B42E /* SceneDelegate.swift */; };
		741D36202BECDDFE0088B42E /* ViewController.swift in Sources */ = {isa = PBXBuildFile; fileRef = 741D361F2BECDDFE0088B42E /* ViewController.swift */; };
		741D36232BECDDFE0088B42E /* Base in Resources */ = {isa = PBXBuildFile; fileRef = 741D36222BECDDFE0088B42E /* Base */; };
		741D36252BECDE020088B42E /* Assets.xcassets in Resources */ = {isa = PBXBuildFile; fileRef = 741D36242BECDE020088B42E /* Assets.xcassets */; };
		741D36282BECDE020088B42E /* Base in Resources */ = {isa = PBXBuildFile; fileRef = 741D36272BECDE020088B42E /* Base */; };
		741D36342BECE9F20088B42E /* Crypto.swift in Sources */ = {isa = PBXBuildFile; fileRef = 741D36332BECE9F20088B42E /* Crypto.swift */; };
		741D36362BECF36D0088B42E /* Webservice.swift in Sources */ = {isa = PBXBuildFile; fileRef = 741D36352BECF36D0088B42E /* Webservice.swift */; };
		741D36382BED11A20088B42E /* CryptoViewModel.swift in Sources */ = {isa = PBXBuildFile; fileRef = 741D36372BED11A20088B42E /* CryptoViewModel.swift */; };
		741D363B2BED3C9C0088B42E /* RxCocoa in Frameworks */ = {isa = PBXBuildFile; productRef = 741D363A2BED3C9C0088B42E /* RxCocoa */; };
		741D363D2BED3C9C0088B42E /* RxSwift in Frameworks */ = {isa = PBXBuildFile; productRef = 741D363C2BED3C9C0088B42E /* RxSwift */; };
		741D36412BEE09060088B42E /* CryptoTableViewCell.swift in Sources */ = {isa = PBXBuildFile; fileRef = 741D36402BEE09060088B42E /* CryptoTableViewCell.swift */; };
/* End PBXBuildFile section */

/* Begin PBXFileReference section */
		741D36182BECDDFE0088B42E /* CryptoCrazyRxMVVM.app */ = {isa = PBXFileReference; explicitFileType = wrapper.application; includeInIndex = 0; path = CryptoCrazyRxMVVM.app; sourceTree = BUILT_PRODUCTS_DIR; };
		741D361B2BECDDFE0088B42E /* AppDelegate.swift */ = {isa = PBXFileReference; lastKnownFileType = sourcecode.swift; path = AppDelegate.swift; sourceTree = "<group>"; };
		741D361D2BECDDFE0088B42E /* SceneDelegate.swift */ = {isa = PBXFileReference; lastKnownFileType = sourcecode.swift; path = SceneDelegate.swift; sourceTree = "<group>"; };
		741D361F2BECDDFE0088B42E /* ViewController.swift */ = {isa = PBXFileReference; lastKnownFileType = sourcecode.swift; path = ViewController.swift; sourceTree = "<group>"; };
		741D36222BECDDFE0088B42E /* Base */ = {isa = PBXFileReference; lastKnownFileType = file.storyboard; name = Base; path = Base.lproj/Main.storyboard; sourceTree = "<group>"; };
		741D36242BECDE020088B42E /* Assets.xcassets */ = {isa = PBXFileReference; lastKnownFileType = folder.assetcatalog; path = Assets.xcassets; sourceTree = "<group>"; };
		741D36272BECDE020088B42E /* Base */ = {isa = PBXFileReference; lastKnownFileType = file.storyboard; name = Base; path = Base.lproj/LaunchScreen.storyboard; sourceTree = "<group>"; };
		741D36292BECDE020088B42E /* Info.plist */ = {isa = PBXFileReference; lastKnownFileType = text.plist.xml; path = Info.plist; sourceTree = "<group>"; };
		741D36332BECE9F20088B42E /* Crypto.swift */ = {isa = PBXFileReference; lastKnownFileType = sourcecode.swift; path = Crypto.swift; sourceTree = "<group>"; };
		741D36352BECF36D0088B42E /* Webservice.swift */ = {isa = PBXFileReference; lastKnownFileType = sourcecode.swift; path = Webservice.swift; sourceTree = "<group>"; };
		741D36372BED11A20088B42E /* CryptoViewModel.swift */ = {isa = PBXFileReference; lastKnownFileType = sourcecode.swift; path = CryptoViewModel.swift; sourceTree = "<group>"; };
		741D36402BEE09060088B42E /* CryptoTableViewCell.swift */ = {isa = PBXFileReference; lastKnownFileType = sourcecode.swift; path = CryptoTableViewCell.swift; sourceTree = "<group>"; };
/* End PBXFileReference section */

/* Begin PBXFrameworksBuildPhase section */
		741D36152BECDDFE0088B42E /* Frameworks */ = {
			isa = PBXFrameworksBuildPhase;
			buildActionMask = 2147483647;
			files = (
				741D363D2BED3C9C0088B42E /* RxSwift in Frameworks */,
				741D363B2BED3C9C0088B42E /* RxCocoa in Frameworks */,
			);
			runOnlyForDeploymentPostprocessing = 0;
		};
/* End PBXFrameworksBuildPhase section */

/* Begin PBXGroup section */
		741D360F2BECDDFE0088B42E = {
			isa = PBXGroup;
			children = (
				741D361A2BECDDFE0088B42E /* CryptoCrazyRxMVVM */,
				741D36302BECE0F60088B42E /* Service */,
				741D362F2BECE0EF0088B42E /* View */,
				741D36322BECE1070088B42E /* Model */,
				741D36312BECE0FD0088B42E /* ViewModel */,
				741D36192BECDDFE0088B42E /* Products */,
			);
			sourceTree = "<group>";
		};
		741D36192BECDDFE0088B42E /* Products */ = {
			isa = PBXGroup;
			children = (
				741D36182BECDDFE0088B42E /* CryptoCrazyRxMVVM.app */,
			);
			name = Products;
			sourceTree = "<group>";
		};
		741D361A2BECDDFE0088B42E /* CryptoCrazyRxMVVM */ = {
			isa = PBXGroup;
			children = (
				741D36212BECDDFE0088B42E /* Main.storyboard */,
				741D36242BECDE020088B42E /* Assets.xcassets */,
				741D36262BECDE020088B42E /* LaunchScreen.storyboard */,
				741D36292BECDE020088B42E /* Info.plist */,
			);
			path = CryptoCrazyRxMVVM;
			sourceTree = "<group>";
		};
		741D362F2BECE0EF0088B42E /* View */ = {
			isa = PBXGroup;
			children = (
				741D361F2BECDDFE0088B42E /* ViewController.swift */,
				741D361B2BECDDFE0088B42E /* AppDelegate.swift */,
				741D361D2BECDDFE0088B42E /* SceneDelegate.swift */,
				741D36402BEE09060088B42E /* CryptoTableViewCell.swift */,
			);
			path = View;
			sourceTree = "<group>";
		};
		741D36302BECE0F60088B42E /* Service */ = {
			isa = PBXGroup;
			children = (
				741D36352BECF36D0088B42E /* Webservice.swift */,
			);
			path = Service;
			sourceTree = "<group>";
		};
		741D36312BECE0FD0088B42E /* ViewModel */ = {
			isa = PBXGroup;
			children = (
				741D36372BED11A20088B42E /* CryptoViewModel.swift */,
			);
			path = ViewModel;
			sourceTree = "<group>";
		};
		741D36322BECE1070088B42E /* Model */ = {
			isa = PBXGroup;
			children = (
				741D36332BECE9F20088B42E /* Crypto.swift */,
			);
			path = Model;
			sourceTree = "<group>";
		};
/* End PBXGroup section */

/* Begin PBXNativeTarget section */
		741D36172BECDDFE0088B42E /* CryptoCrazyRxMVVM */ = {
			isa = PBXNativeTarget;
			buildConfigurationList = 741D362C2BECDE020088B42E /* Build configuration list for PBXNativeTarget "CryptoCrazyRxMVVM" */;
			buildPhases = (
				741D36142BECDDFE0088B42E /* Sources */,
				741D36152BECDDFE0088B42E /* Frameworks */,
				741D36162BECDDFE0088B42E /* Resources */,
			);
			buildRules = (
			);
			dependencies = (
			);
			name = CryptoCrazyRxMVVM;
			packageProductDependencies = (
				741D363A2BED3C9C0088B42E /* RxCocoa */,
				741D363C2BED3C9C0088B42E /* RxSwift */,
			);
			productName = CryptoCrazyRxMVVM;
			productReference = 741D36182BECDDFE0088B42E /* CryptoCrazyRxMVVM.app */;
			productType = "com.apple.product-type.application";
		};
/* End PBXNativeTarget section */

/* Begin PBXProject section */
		741D36102BECDDFE0088B42E /* Project object */ = {
			isa = PBXProject;
			attributes = {
				BuildIndependentTargetsInParallel = 1;
				LastSwiftUpdateCheck = 1530;
				LastUpgradeCheck = 1530;
				TargetAttributes = {
					741D36172BECDDFE0088B42E = {
						CreatedOnToolsVersion = 15.3;
					};
				};
			};
			buildConfigurationList = 741D36132BECDDFE0088B42E /* Build configuration list for PBXProject "CryptoCrazyRxMVVM" */;
			compatibilityVersion = "Xcode 14.0";
			developmentRegion = en;
			hasScannedForEncodings = 0;
			knownRegions = (
				en,
				Base,
			);
			mainGroup = 741D360F2BECDDFE0088B42E;
			packageReferences = (
				741D36392BED3C9C0088B42E /* XCRemoteSwiftPackageReference "RxSwift" */,
			);
			productRefGroup = 741D36192BECDDFE0088B42E /* Products */;
			projectDirPath = "";
			projectRoot = "";
			targets = (
				741D36172BECDDFE0088B42E /* CryptoCrazyRxMVVM */,
			);
		};
/* End PBXProject section */

/* Begin PBXResourcesBuildPhase section */
		741D36162BECDDFE0088B42E /* Resources */ = {
			isa = PBXResourcesBuildPhase;
			buildActionMask = 2147483647;
			files = (
				741D36252BECDE020088B42E /* Assets.xcassets in Resources */,
				741D36282BECDE020088B42E /* Base in Resources */,
				741D36232BECDDFE0088B42E /* Base in Resources */,
			);
			runOnlyForDeploymentPostprocessing = 0;
		};
/* End PBXResourcesBuildPhase section */

/* Begin PBXSourcesBuildPhase section */
		741D36142BECDDFE0088B42E /* Sources */ = {
			isa = PBXSourcesBuildPhase;
			buildActionMask = 2147483647;
			files = (
				741D36342BECE9F20088B42E /* Crypto.swift in Sources */,
				741D36202BECDDFE0088B42E /* ViewController.swift in Sources */,
				741D361C2BECDDFE0088B42E /* AppDelegate.swift in Sources */,
				741D36362BECF36D0088B42E /* Webservice.swift in Sources */,
				741D361E2BECDDFE0088B42E /* SceneDelegate.swift in Sources */,
				741D36382BED11A20088B42E /* CryptoViewModel.swift in Sources */,
				741D36412BEE09060088B42E /* CryptoTableViewCell.swift in Sources */,
			);
			runOnlyForDeploymentPostprocessing = 0;
		};
/* End PBXSourcesBuildPhase section */

/* Begin PBXVariantGroup section */
		741D36212BECDDFE0088B42E /* Main.storyboard */ = {
			isa = PBXVariantGroup;
			children = (
				741D36222BECDDFE0088B42E /* Base */,
			);
			name = Main.storyboard;
			sourceTree = "<group>";
		};
		741D36262BECDE020088B42E /* LaunchScreen.storyboard */ = {
			isa = PBXVariantGroup;
			children = (
				741D36272BECDE020088B42E /* Base */,
			);
			name = LaunchScreen.storyboard;
			sourceTree = "<group>";
		};
/* End PBXVariantGroup section */

/* Begin XCBuildConfiguration section */
		741D362A2BECDE020088B42E /* Debug */ = {
			isa = XCBuildConfiguration;
			buildSettings = {
				ALWAYS_SEARCH_USER_PATHS = NO;
				ASSETCATALOG_COMPILER_GENERATE_SWIFT_ASSET_SYMBOL_EXTENSIONS = YES;
				CLANG_ANALYZER_NONNULL = YES;
				CLANG_ANALYZER_NUMBER_OBJECT_CONVERSION = YES_AGGRESSIVE;
				CLANG_CXX_LANGUAGE_STANDARD = "gnu++20";
				CLANG_ENABLE_MODULES = YES;
				CLANG_ENABLE_OBJC_ARC = YES;
				CLANG_ENABLE_OBJC_WEAK = YES;
				CLANG_WARN_BLOCK_CAPTURE_AUTORELEASING = YES;
				CLANG_WARN_BOOL_CONVERSION = YES;
				CLANG_WARN_COMMA = YES;
				CLANG_WARN_CONSTANT_CONVERSION = YES;
				CLANG_WARN_DEPRECATED_OBJC_IMPLEMENTATIONS = YES;
				CLANG_WARN_DIRECT_OBJC_ISA_USAGE = YES_ERROR;
				CLANG_WARN_DOCUMENTATION_COMMENTS = YES;
				CLANG_WARN_EMPTY_BODY = YES;
				CLANG_WARN_ENUM_CONVERSION = YES;
				CLANG_WARN_INFINITE_RECURSION = YES;
				CLANG_WARN_INT_CONVERSION = YES;
				CLANG_WARN_NON_LITERAL_NULL_CONVERSION = YES;
				CLANG_WARN_OBJC_IMPLICIT_RETAIN_SELF = YES;
				CLANG_WARN_OBJC_LITERAL_CONVERSION = YES;
				CLANG_WARN_OBJC_ROOT_CLASS = YES_ERROR;
				CLANG_WARN_QUOTED_INCLUDE_IN_FRAMEWORK_HEADER = YES;
				CLANG_WARN_RANGE_LOOP_ANALYSIS = YES;
				CLANG_WARN_STRICT_PROTOTYPES = YES;
				CLANG_WARN_SUSPICIOUS_MOVE = YES;
				CLANG_WARN_UNGUARDED_AVAILABILITY = YES_AGGRESSIVE;
				CLANG_WARN_UNREACHABLE_CODE = YES;
				CLANG_WARN__DUPLICATE_METHOD_MATCH = YES;
				COPY_PHASE_STRIP = NO;
				DEBUG_INFORMATION_FORMAT = dwarf;
				ENABLE_STRICT_OBJC_MSGSEND = YES;
				ENABLE_TESTABILITY = YES;
				ENABLE_USER_SCRIPT_SANDBOXING = YES;
				GCC_C_LANGUAGE_STANDARD = gnu17;
				GCC_DYNAMIC_NO_PIC = NO;
				GCC_NO_COMMON_BLOCKS = YES;
				GCC_OPTIMIZATION_LEVEL = 0;
				GCC_PREPROCESSOR_DEFINITIONS = (
					"DEBUG=1",
					"$(inherited)",
				);
				GCC_WARN_64_TO_32_BIT_CONVERSION = YES;
				GCC_WARN_ABOUT_RETURN_TYPE = YES_ERROR;
				GCC_WARN_UNDECLARED_SELECTOR = YES;
				GCC_WARN_UNINITIALIZED_AUTOS = YES_AGGRESSIVE;
				GCC_WARN_UNUSED_FUNCTION = YES;
				GCC_WARN_UNUSED_VARIABLE = YES;
				IPHONEOS_DEPLOYMENT_TARGET = 17.4;
				LOCALIZATION_PREFERS_STRING_CATALOGS = YES;
				MTL_ENABLE_DEBUG_INFO = INCLUDE_SOURCE;
				MTL_FAST_MATH = YES;
				ONLY_ACTIVE_ARCH = YES;
				SDKROOT = iphoneos;
				SWIFT_ACTIVE_COMPILATION_CONDITIONS = "DEBUG $(inherited)";
				SWIFT_OPTIMIZATION_LEVEL = "-Onone";
			};
			name = Debug;
		};
		741D362B2BECDE020088B42E /* Release */ = {
			isa = XCBuildConfiguration;
			buildSettings = {
				ALWAYS_SEARCH_USER_PATHS = NO;
				ASSETCATALOG_COMPILER_GENERATE_SWIFT_ASSET_SYMBOL_EXTENSIONS = YES;
				CLANG_ANALYZER_NONNULL = YES;
				CLANG_ANALYZER_NUMBER_OBJECT_CONVERSION = YES_AGGRESSIVE;
				CLANG_CXX_LANGUAGE_STANDARD = "gnu++20";
				CLANG_ENABLE_MODULES = YES;
				CLANG_ENABLE_OBJC_ARC = YES;
				CLANG_ENABLE_OBJC_WEAK = YES;
				CLANG_WARN_BLOCK_CAPTURE_AUTORELEASING = YES;
				CLANG_WARN_BOOL_CONVERSION = YES;
				CLANG_WARN_COMMA = YES;
				CLANG_WARN_CONSTANT_CONVERSION = YES;
				CLANG_WARN_DEPRECATED_OBJC_IMPLEMENTATIONS = YES;
				CLANG_WARN_DIRECT_OBJC_ISA_USAGE = YES_ERROR;
				CLANG_WARN_DOCUMENTATION_COMMENTS = YES;
				CLANG_WARN_EMPTY_BODY = YES;
				CLANG_WARN_ENUM_CONVERSION = YES;
				CLANG_WARN_INFINITE_RECURSION = YES;
				CLANG_WARN_INT_CONVERSION = YES;
				CLANG_WARN_NON_LITERAL_NULL_CONVERSION = YES;
				CLANG_WARN_OBJC_IMPLICIT_RETAIN_SELF = YES;
				CLANG_WARN_OBJC_LITERAL_CONVERSION = YES;
				CLANG_WARN_OBJC_ROOT_CLASS = YES_ERROR;
				CLANG_WARN_QUOTED_INCLUDE_IN_FRAMEWORK_HEADER = YES;
				CLANG_WARN_RANGE_LOOP_ANALYSIS = YES;
				CLANG_WARN_STRICT_PROTOTYPES = YES;
				CLANG_WARN_SUSPICIOUS_MOVE = YES;
				CLANG_WARN_UNGUARDED_AVAILABILITY = YES_AGGRESSIVE;
				CLANG_WARN_UNREACHABLE_CODE = YES;
				CLANG_WARN__DUPLICATE_METHOD_MATCH = YES;
				COPY_PHASE_STRIP = NO;
				DEBUG_INFORMATION_FORMAT = "dwarf-with-dsym";
				ENABLE_NS_ASSERTIONS = NO;
				ENABLE_STRICT_OBJC_MSGSEND = YES;
				ENABLE_USER_SCRIPT_SANDBOXING = YES;
				GCC_C_LANGUAGE_STANDARD = gnu17;
				GCC_NO_COMMON_BLOCKS = YES;
				GCC_WARN_64_TO_32_BIT_CONVERSION = YES;
				GCC_WARN_ABOUT_RETURN_TYPE = YES_ERROR;
				GCC_WARN_UNDECLARED_SELECTOR = YES;
				GCC_WARN_UNINITIALIZED_AUTOS = YES_AGGRESSIVE;
				GCC_WARN_UNUSED_FUNCTION = YES;
				GCC_WARN_UNUSED_VARIABLE = YES;
				IPHONEOS_DEPLOYMENT_TARGET = 17.4;
				LOCALIZATION_PREFERS_STRING_CATALOGS = YES;
				MTL_ENABLE_DEBUG_INFO = NO;
				MTL_FAST_MATH = YES;
				SDKROOT = iphoneos;
				SWIFT_COMPILATION_MODE = wholemodule;
				VALIDATE_PRODUCT = YES;
			};
			name = Release;
		};
		741D362D2BECDE020088B42E /* Debug */ = {
			isa = XCBuildConfiguration;
			buildSettings = {
				ASSETCATALOG_COMPILER_APPICON_NAME = AppIcon;
				ASSETCATALOG_COMPILER_GLOBAL_ACCENT_COLOR_NAME = AccentColor;
				CODE_SIGN_STYLE = Automatic;
				CURRENT_PROJECT_VERSION = 1;
				DEVELOPMENT_TEAM = R98D38WW8V;
				GENERATE_INFOPLIST_FILE = YES;
				INFOPLIST_FILE = CryptoCrazyRxMVVM/Info.plist;
				INFOPLIST_KEY_UIApplicationSupportsIndirectInputEvents = YES;
				INFOPLIST_KEY_UILaunchStoryboardName = LaunchScreen;
				INFOPLIST_KEY_UIMainStoryboardFile = Main;
				INFOPLIST_KEY_UISupportedInterfaceOrientations_iPad = "UIInterfaceOrientationPortrait UIInterfaceOrientationPortraitUpsideDown UIInterfaceOrientationLandscapeLeft UIInterfaceOrientationLandscapeRight";
				INFOPLIST_KEY_UISupportedInterfaceOrientations_iPhone = "UIInterfaceOrientationPortrait UIInterfaceOrientationLandscapeLeft UIInterfaceOrientationLandscapeRight";
				LD_RUNPATH_SEARCH_PATHS = (
					"$(inherited)",
					"@executable_path/Frameworks",
				);
				MARKETING_VERSION = 1.0;
				PRODUCT_BUNDLE_IDENTIFIER = com.CryptoCrazyRxMVVM.anyela;
				PRODUCT_NAME = "$(TARGET_NAME)";
				SWIFT_EMIT_LOC_STRINGS = YES;
				SWIFT_VERSION = 5.0;
				TARGETED_DEVICE_FAMILY = "1,2";
			};
			name = Debug;
		};
		741D362E2BECDE020088B42E /* Release */ = {
			isa = XCBuildConfiguration;
			buildSettings = {
				ASSETCATALOG_COMPILER_APPICON_NAME = AppIcon;
				ASSETCATALOG_COMPILER_GLOBAL_ACCENT_COLOR_NAME = AccentColor;
				CODE_SIGN_STYLE = Automatic;
				CURRENT_PROJECT_VERSION = 1;
				DEVELOPMENT_TEAM = R98D38WW8V;
				GENERATE_INFOPLIST_FILE = YES;
				INFOPLIST_FILE = CryptoCrazyRxMVVM/Info.plist;
				INFOPLIST_KEY_UIApplicationSupportsIndirectInputEvents = YES;
				INFOPLIST_KEY_UILaunchStoryboardName = LaunchScreen;
				INFOPLIST_KEY_UIMainStoryboardFile = Main;
				INFOPLIST_KEY_UISupportedInterfaceOrientations_iPad = "UIInterfaceOrientationPortrait UIInterfaceOrientationPortraitUpsideDown UIInterfaceOrientationLandscapeLeft UIInterfaceOrientationLandscapeRight";
				INFOPLIST_KEY_UISupportedInterfaceOrientations_iPhone = "UIInterfaceOrientationPortrait UIInterfaceOrientationLandscapeLeft UIInterfaceOrientationLandscapeRight";
				LD_RUNPATH_SEARCH_PATHS = (
					"$(inherited)",
					"@executable_path/Frameworks",
				);
				MARKETING_VERSION = 1.0;
				PRODUCT_BUNDLE_IDENTIFIER = com.CryptoCrazyRxMVVM.anyela;
				PRODUCT_NAME = "$(TARGET_NAME)";
				SWIFT_EMIT_LOC_STRINGS = YES;
				SWIFT_VERSION = 5.0;
				TARGETED_DEVICE_FAMILY = "1,2";
			};
			name = Release;
		};
/* End XCBuildConfiguration section */

/* Begin XCConfigurationList section */
		741D36132BECDDFE0088B42E /* Build configuration list for PBXProject "CryptoCrazyRxMVVM" */ = {
			isa = XCConfigurationList;
			buildConfigurations = (
				741D362A2BECDE020088B42E /* Debug */,
				741D362B2BECDE020088B42E /* Release */,
			);
			defaultConfigurationIsVisible = 0;
			defaultConfigurationName = Release;
		};
		741D362C2BECDE020088B42E /* Build configuration list for PBXNativeTarget "CryptoCrazyRxMVVM" */ = {
			isa = XCConfigurationList;
			buildConfigurations = (
				741D362D2BECDE020088B42E /* Debug */,
				741D362E2BECDE020088B42E /* Release */,
			);
			defaultConfigurationIsVisible = 0;
			defaultConfigurationName = Release;
		};
/* End XCConfigurationList section */

/* Begin XCRemoteSwiftPackageReference section */
		741D36392BED3C9C0088B42E /* XCRemoteSwiftPackageReference "RxSwift" */ = {
			isa = XCRemoteSwiftPackageReference;
			repositoryURL = "https://github.com/ReactiveX/RxSwift.git";
			requirement = {
				kind = upToNextMajorVersion;
				minimumVersion = 6.7.1;
			};
		};
/* End XCRemoteSwiftPackageReference section */

/* Begin XCSwiftPackageProductDependency section */
		741D363A2BED3C9C0088B42E /* RxCocoa */ = {
			isa = XCSwiftPackageProductDependency;
			package = 741D36392BED3C9C0088B42E /* XCRemoteSwiftPackageReference "RxSwift" */;
			productName = RxCocoa;
		};
		741D363C2BED3C9C0088B42E /* RxSwift */ = {
			isa = XCSwiftPackageProductDependency;
			package = 741D36392BED3C9C0088B42E /* XCRemoteSwiftPackageReference "RxSwift" */;
			productName = RxSwift;
		};
/* End XCSwiftPackageProductDependency section */
	};
	rootObject = 741D36102BECDDFE0088B42E /* Project object */;
}
